
Microsoft Visual Studio Solution File, Format Version 12.00
# Visual Studio Version 17
VisualStudioVersion = 17.3.32901.215
MinimumVisualStudioVersion = 10.0.40219.1
Project("{FAE04EC0-301F-11D3-BF4B-00C04F79EFBC}") = "exercises_lecture3", "exercises_lecture3\exercises_lecture3.csproj", "{D87338BD-D91A-46A2-8F23-F21D883C401E}"
EndProject
Global
	GlobalSection(SolutionConfigurationPlatforms) = preSolution
		Debug|Any CPU = Debug|Any CPU
		Release|Any CPU = Release|Any CPU
	EndGlobalSection
	GlobalSection(ProjectConfigurationPlatforms) = postSolution
		{D87338BD-D91A-46A2-8F23-F21D883C401E}.Debug|Any CPU.ActiveCfg = Debug|Any CPU
		{D87338BD-D91A-46A2-8F23-F21D883C401E}.Debug|Any CPU.Build.0 = Debug|Any CPU
		{D87338BD-D91A-46A2-8F23-F21D883C401E}.Release|Any CPU.ActiveCfg = Release|Any CPU
		{D87338BD-D91A-46A2-8F23-F21D883C401E}.Release|Any CPU.Build.0 = Release|Any CPU
	EndGlobalSection
	GlobalSection(SolutionProperties) = preSolution
		HideSolutionNode = FALSE
	EndGlobalSection
	GlobalSection(ExtensibilityGlobals) = postSolution
		SolutionGuid = {17FF1851-DD6B-4B65-AD28-609C8E2F7277}
	EndGlobalSection
EndGlobal
